
Microsoft Visual Studio Solution File, Format Version 12.00
# Visual Studio Version 17
VisualStudioVersion = 17.3.32825.248
MinimumVisualStudioVersion = 10.0.40219.1
Project("{FAE04EC0-301F-11D3-BF4B-00C04F79EFBC}") = "EntityFramework.UI", "EntityFramework.UI\EntityFramework.UI.csproj", "{431B0046-2D3E-4AE1-943D-FEF9AD0ADCF4}"
EndProject
Project("{FAE04EC0-301F-11D3-BF4B-00C04F79EFBC}") = "EntityFramework.Logic", "EntityFramework.Logic\EntityFramework.Logic.csproj", "{B85D7300-A870-4660-B43B-AA9149581FEE}"
EndProject
Project("{FAE04EC0-301F-11D3-BF4B-00C04F79EFBC}") = "EntityFramework.Data", "EntityFramework.Data\EntityFramework.Data.csproj", "{9ADEBF6A-F185-40CA-A4D2-E73EF49B8C16}"
EndProject
Project("{FAE04EC0-301F-11D3-BF4B-00C04F79EFBC}") = "EntityFramework.Entities", "EntityFramework.Entities\EntityFramework.Entities.csproj", "{DF941B14-0191-4E28-B3C6-ABE190A992D0}"
EndProject
Project("{FAE04EC0-301F-11D3-BF4B-00C04F79EFBC}") = "EntityFramework.MVC", "EntityFramework.MVC\EntityFramework.MVC.csproj", "{06934DAC-240B-4302-97B7-79010D6EE005}"
EndProject
Global
	GlobalSection(SolutionConfigurationPlatforms) = preSolution
		Debug|Any CPU = Debug|Any CPU
		Release|Any CPU = Release|Any CPU
	EndGlobalSection
	GlobalSection(ProjectConfigurationPlatforms) = postSolution
		{431B0046-2D3E-4AE1-943D-FEF9AD0ADCF4}.Debug|Any CPU.ActiveCfg = Debug|Any CPU
		{431B0046-2D3E-4AE1-943D-FEF9AD0ADCF4}.Debug|Any CPU.Build.0 = Debug|Any CPU
		{431B0046-2D3E-4AE1-943D-FEF9AD0ADCF4}.Release|Any CPU.ActiveCfg = Release|Any CPU
		{431B0046-2D3E-4AE1-943D-FEF9AD0ADCF4}.Release|Any CPU.Build.0 = Release|Any CPU
		{B85D7300-A870-4660-B43B-AA9149581FEE}.Debug|Any CPU.ActiveCfg = Debug|Any CPU
		{B85D7300-A870-4660-B43B-AA9149581FEE}.Debug|Any CPU.Build.0 = Debug|Any CPU
		{B85D7300-A870-4660-B43B-AA9149581FEE}.Release|Any CPU.ActiveCfg = Release|Any CPU
		{B85D7300-A870-4660-B43B-AA9149581FEE}.Release|Any CPU.Build.0 = Release|Any CPU
		{9ADEBF6A-F185-40CA-A4D2-E73EF49B8C16}.Debug|Any CPU.ActiveCfg = Debug|Any CPU
		{9ADEBF6A-F185-40CA-A4D2-E73EF49B8C16}.Debug|Any CPU.Build.0 = Debug|Any CPU
		{9ADEBF6A-F185-40CA-A4D2-E73EF49B8C16}.Release|Any CPU.ActiveCfg = Release|Any CPU
		{9ADEBF6A-F185-40CA-A4D2-E73EF49B8C16}.Release|Any CPU.Build.0 = Release|Any CPU
		{DF941B14-0191-4E28-B3C6-ABE190A992D0}.Debug|Any CPU.ActiveCfg = Debug|Any CPU
		{DF941B14-0191-4E28-B3C6-ABE190A992D0}.Debug|Any CPU.Build.0 = Debug|Any CPU
		{DF941B14-0191-4E28-B3C6-ABE190A992D0}.Release|Any CPU.ActiveCfg = Release|Any CPU
		{DF941B14-0191-4E28-B3C6-ABE190A992D0}.Release|Any CPU.Build.0 = Release|Any CPU
		{06934DAC-240B-4302-97B7-79010D6EE005}.Debug|Any CPU.ActiveCfg = Debug|Any CPU
		{06934DAC-240B-4302-97B7-79010D6EE005}.Debug|Any CPU.Build.0 = Debug|Any CPU
		{06934DAC-240B-4302-97B7-79010D6EE005}.Release|Any CPU.ActiveCfg = Release|Any CPU
		{06934DAC-240B-4302-97B7-79010D6EE005}.Release|Any CPU.Build.0 = Release|Any CPU
	EndGlobalSection
	GlobalSection(SolutionProperties) = preSolution
		HideSolutionNode = FALSE
	EndGlobalSection
	GlobalSection(ExtensibilityGlobals) = postSolution
		SolutionGuid = {FF9AC9EC-C7A1-4A11-9C0E-B9D4CABDADB1}
	EndGlobalSection
EndGlobal
